
Microsoft Visual Studio Solution File, Format Version 12.00
# Visual Studio Version 16
VisualStudioVersion = 16.0.30803.129
MinimumVisualStudioVersion = 10.0.40219.1
Project("{9A19103F-16F7-4668-BE54-9A1E7A4F7556}") = "OdeToFood", "OdeToFood\OdeToFood.csproj", "{8C4EBBD8-BA45-4C16-95B8-53A358F0891D}"
EndProject
Project("{9A19103F-16F7-4668-BE54-9A1E7A4F7556}") = "Ode.Core", "Ode.Core\Ode.Core.csproj", "{FAAEBA56-1D41-42A9-AA44-BE3DF2E2E865}"
EndProject
Project("{9A19103F-16F7-4668-BE54-9A1E7A4F7556}") = "Ode.Data", "..\Ode.Data\Ode.Data.csproj", "{AE242EF1-3D65-49C9-BE00-0FD2D59E55A1}"
EndProject
Global
	GlobalSection(SolutionConfigurationPlatforms) = preSolution
		Debug|Any CPU = Debug|Any CPU
		Release|Any CPU = Release|Any CPU
	EndGlobalSection
	GlobalSection(ProjectConfigurationPlatforms) = postSolution
		{8C4EBBD8-BA45-4C16-95B8-53A358F0891D}.Debug|Any CPU.ActiveCfg = Debug|Any CPU
		{8C4EBBD8-BA45-4C16-95B8-53A358F0891D}.Debug|Any CPU.Build.0 = Debug|Any CPU
		{8C4EBBD8-BA45-4C16-95B8-53A358F0891D}.Release|Any CPU.ActiveCfg = Release|Any CPU
		{8C4EBBD8-BA45-4C16-95B8-53A358F0891D}.Release|Any CPU.Build.0 = Release|Any CPU
		{FAAEBA56-1D41-42A9-AA44-BE3DF2E2E865}.Debug|Any CPU.ActiveCfg = Debug|Any CPU
		{FAAEBA56-1D41-42A9-AA44-BE3DF2E2E865}.Debug|Any CPU.Build.0 = Debug|Any CPU
		{FAAEBA56-1D41-42A9-AA44-BE3DF2E2E865}.Release|Any CPU.ActiveCfg = Release|Any CPU
		{FAAEBA56-1D41-42A9-AA44-BE3DF2E2E865}.Release|Any CPU.Build.0 = Release|Any CPU
		{AE242EF1-3D65-49C9-BE00-0FD2D59E55A1}.Debug|Any CPU.ActiveCfg = Debug|Any CPU
		{AE242EF1-3D65-49C9-BE00-0FD2D59E55A1}.Debug|Any CPU.Build.0 = Debug|Any CPU
		{AE242EF1-3D65-49C9-BE00-0FD2D59E55A1}.Release|Any CPU.ActiveCfg = Release|Any CPU
		{AE242EF1-3D65-49C9-BE00-0FD2D59E55A1}.Release|Any CPU.Build.0 = Release|Any CPU
	EndGlobalSection
	GlobalSection(SolutionProperties) = preSolution
		HideSolutionNode = FALSE
	EndGlobalSection
	GlobalSection(ExtensibilityGlobals) = postSolution
		SolutionGuid = {1823092C-E9FB-454A-B9FA-0C600359A778}
	EndGlobalSection
EndGlobal
